
Microsoft Visual Studio Solution File, Format Version 12.00
# Visual Studio Version 17
VisualStudioVersion = 17.5.002.0
MinimumVisualStudioVersion = 10.0.40219.1
Project("{9A19103F-16F7-4668-BE54-9A1E7A4F7556}") = "WTSProxy", "WTSProxy.csproj", "{4DB5E130-38E9-45E9-8334-CDE23A327E67}"
EndProject
Global
	GlobalSection(SolutionConfigurationPlatforms) = preSolution
		Debug|Any CPU = Debug|Any CPU
		Release|Any CPU = Release|Any CPU
	EndGlobalSection
	GlobalSection(ProjectConfigurationPlatforms) = postSolution
		{4DB5E130-38E9-45E9-8334-CDE23A327E67}.Debug|Any CPU.ActiveCfg = Debug|Any CPU
		{4DB5E130-38E9-45E9-8334-CDE23A327E67}.Debug|Any CPU.Build.0 = Debug|Any CPU
		{4DB5E130-38E9-45E9-8334-CDE23A327E67}.Release|Any CPU.ActiveCfg = Release|Any CPU
		{4DB5E130-38E9-45E9-8334-CDE23A327E67}.Release|Any CPU.Build.0 = Release|Any CPU
	EndGlobalSection
	GlobalSection(SolutionProperties) = preSolution
		HideSolutionNode = FALSE
	EndGlobalSection
	GlobalSection(ExtensibilityGlobals) = postSolution
		SolutionGuid = {AFC1E5BE-0607-488D-9903-4049C39BEC73}
	EndGlobalSection
EndGlobal
